// !$*UTF8*$!
{
	archiveVersion = 1;
	classes = {
	};
	objectVersion = 50;
	objects = {

/* Begin PBXBuildFile section */
		8A34E8E12785853E00BAB3AA /* WebViewController.m in Sources */ = {isa = PBXBuildFile; fileRef = 8A34E8DF2785853E00BAB3AA /* WebViewController.m */; };
		8A34E8E327858A2E00BAB3AA /* WebKit.framework in Frameworks */ = {isa = PBXBuildFile; fileRef = 8A34E8E227858A2E00BAB3AA /* WebKit.framework */; };
		8AB62CD82754E5B5005A8890 /* HelpViewController.m in Sources */ = {isa = PBXBuildFile; fileRef = 8AB62CD72754E5B5005A8890 /* HelpViewController.m */; };
		A7CF8FDB25F5E61000D0FC3F /* AppDelegate.m in Sources */ = {isa = PBXBuildFile; fileRef = A7CF8FDA25F5E61000D0FC3F /* AppDelegate.m */; };
		A7CF8FE125F5E61000D0FC3F /* ViewController.m in Sources */ = {isa = PBXBuildFile; fileRef = A7CF8FE025F5E61000D0FC3F /* ViewController.m */; };
		A7CF8FE425F5E61000D0FC3F /* Main.storyboard in Resources */ = {isa = PBXBuildFile; fileRef = A7CF8FE225F5E61000D0FC3F /* Main.storyboard */; };
		A7CF8FE625F5E61100D0FC3F /* Assets.xcassets in Resources */ = {isa = PBXBuildFile; fileRef = A7CF8FE525F5E61100D0FC3F /* Assets.xcassets */; };
		A7CF8FE925F5E61100D0FC3F /* LaunchScreen.storyboard in Resources */ = {isa = PBXBuildFile; fileRef = A7CF8FE725F5E61100D0FC3F /* LaunchScreen.storyboard */; };
		A7CF8FEC25F5E61100D0FC3F /* main.m in Sources */ = {isa = PBXBuildFile; fileRef = A7CF8FEB25F5E61100D0FC3F /* main.m */; };
		CE08621C389E8DDCA672FBF9 /* Pods_Demo.framework in Frameworks */ = {isa = PBXBuildFile; fileRef = B0E4EBDF0DAEE7E46DBAE11D /* Pods_Demo.framework */; };
/* End PBXBuildFile section */

/* Begin PBXFileReference section */
		45EFFDABCF6A363868AF9E8C /* Pods-Demo.release.xcconfig */ = {isa = PBXFileReference; includeInIndex = 1; lastKnownFileType = text.xcconfig; name = "Pods-Demo.release.xcconfig"; path = "Target Support Files/Pods-Demo/Pods-Demo.release.xcconfig"; sourceTree = "<group>"; };
		8A34E8DF2785853E00BAB3AA /* WebViewController.m */ = {isa = PBXFileReference; fileEncoding = 4; lastKnownFileType = sourcecode.c.objc; path = WebViewController.m; sourceTree = "<group>"; };
		8A34E8E02785853E00BAB3AA /* WebViewController.h */ = {isa = PBXFileReference; fileEncoding = 4; lastKnownFileType = sourcecode.c.h; path = WebViewController.h; sourceTree = "<group>"; };
		8A34E8E227858A2E00BAB3AA /* WebKit.framework */ = {isa = PBXFileReference; lastKnownFileType = wrapper.framework; name = WebKit.framework; path = System/Library/Frameworks/WebKit.framework; sourceTree = SDKROOT; };
		8AB62CD62754E5B5005A8890 /* HelpViewController.h */ = {isa = PBXFileReference; lastKnownFileType = sourcecode.c.h; path = HelpViewController.h; sourceTree = "<group>"; };
		8AB62CD72754E5B5005A8890 /* HelpViewController.m */ = {isa = PBXFileReference; lastKnownFileType = sourcecode.c.objc; path = HelpViewController.m; sourceTree = "<group>"; };
		A70613404CA90600DB5455F0 /* Pods-Demo.debug.xcconfig */ = {isa = PBXFileReference; includeInIndex = 1; lastKnownFileType = text.xcconfig; name = "Pods-Demo.debug.xcconfig"; path = "Target Support Files/Pods-Demo/Pods-Demo.debug.xcconfig"; sourceTree = "<group>"; };
		A7CF8FD625F5E61000D0FC3F /* Demo.app */ = {isa = PBXFileReference; explicitFileType = wrapper.application; includeInIndex = 0; path = Demo.app; sourceTree = BUILT_PRODUCTS_DIR; };
		A7CF8FD925F5E61000D0FC3F /* AppDelegate.h */ = {isa = PBXFileReference; lastKnownFileType = sourcecode.c.h; path = AppDelegate.h; sourceTree = "<group>"; };
		A7CF8FDA25F5E61000D0FC3F /* AppDelegate.m */ = {isa = PBXFileReference; lastKnownFileType = sourcecode.c.objc; path = AppDelegate.m; sourceTree = "<group>"; };
		A7CF8FDF25F5E61000D0FC3F /* ViewController.h */ = {isa = PBXFileReference; lastKnownFileType = sourcecode.c.h; path = ViewController.h; sourceTree = "<group>"; };
		A7CF8FE025F5E61000D0FC3F /* ViewController.m */ = {isa = PBXFileReference; lastKnownFileType = sourcecode.c.objc; path = ViewController.m; sourceTree = "<group>"; };
		A7CF8FE325F5E61000D0FC3F /* Base */ = {isa = PBXFileReference; lastKnownFileType = file.storyboard; name = Base; path = Base.lproj/Main.storyboard; sourceTree = "<group>"; };
		A7CF8FE525F5E61100D0FC3F /* Assets.xcassets */ = {isa = PBXFileReference; lastKnownFileType = folder.assetcatalog; path = Assets.xcassets; sourceTree = "<group>"; };
		A7CF8FE825F5E61100D0FC3F /* Base */ = {isa = PBXFileReference; lastKnownFileType = file.storyboard; name = Base; path = Base.lproj/LaunchScreen.storyboard; sourceTree = "<group>"; };
		A7CF8FEA25F5E61100D0FC3F /* Info.plist */ = {isa = PBXFileReference; lastKnownFileType = text.plist.xml; path = Info.plist; sourceTree = "<group>"; };
		A7CF8FEB25F5E61100D0FC3F /* main.m */ = {isa = PBXFileReference; lastKnownFileType = sourcecode.c.objc; path = main.m; sourceTree = "<group>"; };
		B0E4EBDF0DAEE7E46DBAE11D /* Pods_Demo.framework */ = {isa = PBXFileReference; explicitFileType = wrapper.framework; includeInIndex = 0; path = Pods_Demo.framework; sourceTree = BUILT_PRODUCTS_DIR; };
/* End PBXFileReference section */

/* Begin PBXFrameworksBuildPhase section */
		A7CF8FD325F5E61000D0FC3F /* Frameworks */ = {
			isa = PBXFrameworksBuildPhase;
			buildActionMask = 2147483647;
			files = (
				8A34E8E327858A2E00BAB3AA /* WebKit.framework in Frameworks */,
				CE08621C389E8DDCA672FBF9 /* Pods_Demo.framework in Frameworks */,
			);
			runOnlyForDeploymentPostprocessing = 0;
		};
/* End PBXFrameworksBuildPhase section */

/* Begin PBXGroup section */
		42350FB9AACBAAC931FE63A3 /* Pods */ = {
			isa = PBXGroup;
			children = (
				A70613404CA90600DB5455F0 /* Pods-Demo.debug.xcconfig */,
				45EFFDABCF6A363868AF9E8C /* Pods-Demo.release.xcconfig */,
			);
			path = Pods;
			sourceTree = "<group>";
		};
		A7CF8FCD25F5E61000D0FC3F = {
			isa = PBXGroup;
			children = (
				A7CF8FD825F5E61000D0FC3F /* Demo */,
				A7CF8FD725F5E61000D0FC3F /* Products */,
				42350FB9AACBAAC931FE63A3 /* Pods */,
				F1D1FDC8BFE15E92A3191F09 /* Frameworks */,
			);
			sourceTree = "<group>";
		};
		A7CF8FD725F5E61000D0FC3F /* Products */ = {
			isa = PBXGroup;
			children = (
				A7CF8FD625F5E61000D0FC3F /* Demo.app */,
			);
			name = Products;
			sourceTree = "<group>";
		};
		A7CF8FD825F5E61000D0FC3F /* Demo */ = {
			isa = PBXGroup;
			children = (
				A7CF8FD925F5E61000D0FC3F /* AppDelegate.h */,
				A7CF8FDA25F5E61000D0FC3F /* AppDelegate.m */,
				A7CF8FDF25F5E61000D0FC3F /* ViewController.h */,
				A7CF8FE025F5E61000D0FC3F /* ViewController.m */,
				8A34E8E02785853E00BAB3AA /* WebViewController.h */,
				8A34E8DF2785853E00BAB3AA /* WebViewController.m */,
				8AB62CD62754E5B5005A8890 /* HelpViewController.h */,
				8AB62CD72754E5B5005A8890 /* HelpViewController.m */,
				A7CF8FE225F5E61000D0FC3F /* Main.storyboard */,
				A7CF8FE525F5E61100D0FC3F /* Assets.xcassets */,
				A7CF8FE725F5E61100D0FC3F /* LaunchScreen.storyboard */,
				A7CF8FEA25F5E61100D0FC3F /* Info.plist */,
				A7CF8FEB25F5E61100D0FC3F /* main.m */,
			);
			path = Demo;
			sourceTree = "<group>";
		};
		F1D1FDC8BFE15E92A3191F09 /* Frameworks */ = {
			isa = PBXGroup;
			children = (
				8A34E8E227858A2E00BAB3AA /* WebKit.framework */,
				B0E4EBDF0DAEE7E46DBAE11D /* Pods_Demo.framework */,
			);
			name = Frameworks;
			sourceTree = "<group>";
		};
/* End PBXGroup section */

/* Begin PBXNativeTarget section */
		A7CF8FD525F5E61000D0FC3F /* Demo */ = {
			isa = PBXNativeTarget;
			buildConfigurationList = A7CF8FEF25F5E61100D0FC3F /* Build configuration list for PBXNativeTarget "Demo" */;
			buildPhases = (
				71EA8E31CF31C89D37F53E84 /* [CP] Check Pods Manifest.lock */,
				A7CF8FD225F5E61000D0FC3F /* Sources */,
				A7CF8FD325F5E61000D0FC3F /* Frameworks */,
				A7CF8FD425F5E61000D0FC3F /* Resources */,
			);
			buildRules = (
			);
			dependencies = (
			);
			name = Demo;
			productName = Demo;
			productReference = A7CF8FD625F5E61000D0FC3F /* Demo.app */;
			productType = "com.apple.product-type.application";
		};
/* End PBXNativeTarget section */

/* Begin PBXProject section */
		A7CF8FCE25F5E61000D0FC3F /* Project object */ = {
			isa = PBXProject;
			attributes = {
				LastUpgradeCheck = 1250;
				ORGANIZATIONNAME = yiqiwang;
				TargetAttributes = {
					A7CF8FD525F5E61000D0FC3F = {
						CreatedOnToolsVersion = 11.3.1;
					};
				};
			};
			buildConfigurationList = A7CF8FD125F5E61000D0FC3F /* Build configuration list for PBXProject "Demo" */;
			compatibilityVersion = "Xcode 9.3";
			developmentRegion = en;
			hasScannedForEncodings = 0;
			knownRegions = (
				en,
				Base,
			);
			mainGroup = A7CF8FCD25F5E61000D0FC3F;
			productRefGroup = A7CF8FD725F5E61000D0FC3F /* Products */;
			projectDirPath = "";
			projectRoot = "";
			targets = (
				A7CF8FD525F5E61000D0FC3F /* Demo */,
			);
		};
/* End PBXProject section */

/* Begin PBXResourcesBuildPhase section */
		A7CF8FD425F5E61000D0FC3F /* Resources */ = {
			isa = PBXResourcesBuildPhase;
			buildActionMask = 2147483647;
			files = (
				A7CF8FE925F5E61100D0FC3F /* LaunchScreen.storyboard in Resources */,
				A7CF8FE625F5E61100D0FC3F /* Assets.xcassets in Resources */,
				A7CF8FE425F5E61000D0FC3F /* Main.storyboard in Resources */,
			);
			runOnlyForDeploymentPostprocessing = 0;
		};
/* End PBXResourcesBuildPhase section */

/* Begin PBXShellScriptBuildPhase section */
		71EA8E31CF31C89D37F53E84 /* [CP] Check Pods Manifest.lock */ = {
			isa = PBXShellScriptBuildPhase;
			buildActionMask = 2147483647;
			files = (
			);
			inputFileListPaths = (
			);
			inputPaths = (
				"${PODS_PODFILE_DIR_PATH}/Podfile.lock",
				"${PODS_ROOT}/Manifest.lock",
			);
			name = "[CP] Check Pods Manifest.lock";
			outputFileListPaths = (
			);
			outputPaths = (
				"$(DERIVED_FILE_DIR)/Pods-Demo-checkManifestLockResult.txt",
			);
			runOnlyForDeploymentPostprocessing = 0;
			shellPath = /bin/sh;
			shellScript = "diff \"${PODS_PODFILE_DIR_PATH}/Podfile.lock\" \"${PODS_ROOT}/Manifest.lock\" > /dev/null\nif [ $? != 0 ] ; then\n    # print error to STDERR\n    echo \"error: The sandbox is not in sync with the Podfile.lock. Run 'pod install' or update your CocoaPods installation.\" >&2\n    exit 1\nfi\n# This output is used by Xcode 'outputs' to avoid re-running this script phase.\necho \"SUCCESS\" > \"${SCRIPT_OUTPUT_FILE_0}\"\n";
			showEnvVarsInLog = 0;
		};
/* End PBXShellScriptBuildPhase section */

/* Begin PBXSourcesBuildPhase section */
		A7CF8FD225F5E61000D0FC3F /* Sources */ = {
			isa = PBXSourcesBuildPhase;
			buildActionMask = 2147483647;
			files = (
				A7CF8FE125F5E61000D0FC3F /* ViewController.m in Sources */,
				8A34E8E12785853E00BAB3AA /* WebViewController.m in Sources */,
				A7CF8FDB25F5E61000D0FC3F /* AppDelegate.m in Sources */,
				A7CF8FEC25F5E61100D0FC3F /* main.m in Sources */,
				8AB62CD82754E5B5005A8890 /* HelpViewController.m in Sources */,
			);
			runOnlyForDeploymentPostprocessing = 0;
		};
/* End PBXSourcesBuildPhase section */

/* Begin PBXVariantGroup section */
		A7CF8FE225F5E61000D0FC3F /* Main.storyboard */ = {
			isa = PBXVariantGroup;
			children = (
				A7CF8FE325F5E61000D0FC3F /* Base */,
			);
			name = Main.storyboard;
			sourceTree = "<group>";
		};
		A7CF8FE725F5E61100D0FC3F /* LaunchScreen.storyboard */ = {
			isa = PBXVariantGroup;
			children = (
				A7CF8FE825F5E61100D0FC3F /* Base */,
			);
			name = LaunchScreen.storyboard;
			sourceTree = "<group>";
		};
/* End PBXVariantGroup section */

/* Begin XCBuildConfiguration section */
		A7CF8FED25F5E61100D0FC3F /* Debug */ = {
			isa = XCBuildConfiguration;
			buildSettings = {
				ALWAYS_SEARCH_USER_PATHS = NO;
				CLANG_ANALYZER_NONNULL = YES;
				CLANG_ANALYZER_NUMBER_OBJECT_CONVERSION = YES_AGGRESSIVE;
				CLANG_CXX_LANGUAGE_STANDARD = "gnu++14";
				CLANG_CXX_LIBRARY = "libc++";
				CLANG_ENABLE_MODULES = YES;
				CLANG_ENABLE_OBJC_ARC = YES;
				CLANG_ENABLE_OBJC_WEAK = YES;
				CLANG_WARN_BLOCK_CAPTURE_AUTORELEASING = YES;
				CLANG_WARN_BOOL_CONVERSION = YES;
				CLANG_WARN_COMMA = YES;
				CLANG_WARN_CONSTANT_CONVERSION = YES;
				CLANG_WARN_DEPRECATED_OBJC_IMPLEMENTATIONS = YES;
				CLANG_WARN_DIRECT_OBJC_ISA_USAGE = YES_ERROR;
				CLANG_WARN_DOCUMENTATION_COMMENTS = YES;
				CLANG_WARN_EMPTY_BODY = YES;
				CLANG_WARN_ENUM_CONVERSION = YES;
				CLANG_WARN_INFINITE_RECURSION = YES;
				CLANG_WARN_INT_CONVERSION = YES;
				CLANG_WARN_NON_LITERAL_NULL_CONVERSION = YES;
				CLANG_WARN_OBJC_IMPLICIT_RETAIN_SELF = YES;
				CLANG_WARN_OBJC_LITERAL_CONVERSION = YES;
				CLANG_WARN_OBJC_ROOT_CLASS = YES_ERROR;
				CLANG_WARN_QUOTED_INCLUDE_IN_FRAMEWORK_HEADER = YES;
				CLANG_WARN_RANGE_LOOP_ANALYSIS = YES;
				CLANG_WARN_STRICT_PROTOTYPES = YES;
				CLANG_WARN_SUSPICIOUS_MOVE = YES;
				CLANG_WARN_UNGUARDED_AVAILABILITY = YES_AGGRESSIVE;
				CLANG_WARN_UNREACHABLE_CODE = YES;
				CLANG_WARN__DUPLICATE_METHOD_MATCH = YES;
				COPY_PHASE_STRIP = NO;
				DEBUG_INFORMATION_FORMAT = dwarf;
				ENABLE_STRICT_OBJC_MSGSEND = YES;
				ENABLE_TESTABILITY = YES;
				GCC_C_LANGUAGE_STANDARD = gnu11;
				GCC_DYNAMIC_NO_PIC = NO;
				GCC_NO_COMMON_BLOCKS = YES;
				GCC_OPTIMIZATION_LEVEL = 0;
				GCC_PREPROCESSOR_DEFINITIONS = (
					"DEBUG=1",
					"$(inherited)",
				);
				GCC_WARN_64_TO_32_BIT_CONVERSION = YES;
				GCC_WARN_ABOUT_RETURN_TYPE = YES_ERROR;
				GCC_WARN_UNDECLARED_SELECTOR = YES;
				GCC_WARN_UNINITIALIZED_AUTOS = YES_AGGRESSIVE;
				GCC_WARN_UNUSED_FUNCTION = YES;
				GCC_WARN_UNUSED_VARIABLE = YES;
				IPHONEOS_DEPLOYMENT_TARGET = 9.0;
				MTL_ENABLE_DEBUG_INFO = INCLUDE_SOURCE;
				MTL_FAST_MATH = YES;
				ONLY_ACTIVE_ARCH = YES;
				SDKROOT = iphoneos;
			};
			name = Debug;
		};
		A7CF8FEE25F5E61100D0FC3F /* Release */ = {
			isa = XCBuildConfiguration;
			buildSettings = {
				ALWAYS_SEARCH_USER_PATHS = NO;
				CLANG_ANALYZER_NONNULL = YES;
				CLANG_ANALYZER_NUMBER_OBJECT_CONVERSION = YES_AGGRESSIVE;
				CLANG_CXX_LANGUAGE_STANDARD = "gnu++14";
				CLANG_CXX_LIBRARY = "libc++";
				CLANG_ENABLE_MODULES = YES;
				CLANG_ENABLE_OBJC_ARC = YES;
				CLANG_ENABLE_OBJC_WEAK = YES;
				CLANG_WARN_BLOCK_CAPTURE_AUTORELEASING = YES;
				CLANG_WARN_BOOL_CONVERSION = YES;
				CLANG_WARN_COMMA = YES;
				CLANG_WARN_CONSTANT_CONVERSION = YES;
				CLANG_WARN_DEPRECATED_OBJC_IMPLEMENTATIONS = YES;
				CLANG_WARN_DIRECT_OBJC_ISA_USAGE = YES_ERROR;
				CLANG_WARN_DOCUMENTATION_COMMENTS = YES;
				CLANG_WARN_EMPTY_BODY = YES;
				CLANG_WARN_ENUM_CONVERSION = YES;
				CLANG_WARN_INFINITE_RECURSION = YES;
				CLANG_WARN_INT_CONVERSION = YES;
				CLANG_WARN_NON_LITERAL_NULL_CONVERSION = YES;
				CLANG_WARN_OBJC_IMPLICIT_RETAIN_SELF = YES;
				CLANG_WARN_OBJC_LITERAL_CONVERSION = YES;
				CLANG_WARN_OBJC_ROOT_CLASS = YES_ERROR;
				CLANG_WARN_QUOTED_INCLUDE_IN_FRAMEWORK_HEADER = YES;
				CLANG_WARN_RANGE_LOOP_ANALYSIS = YES;
				CLANG_WARN_STRICT_PROTOTYPES = YES;
				CLANG_WARN_SUSPICIOUS_MOVE = YES;
				CLANG_WARN_UNGUARDED_AVAILABILITY = YES_AGGRESSIVE;
				CLANG_WARN_UNREACHABLE_CODE = YES;
				CLANG_WARN__DUPLICATE_METHOD_MATCH = YES;
				COPY_PHASE_STRIP = NO;
				DEBUG_INFORMATION_FORMAT = "dwarf-with-dsym";
				ENABLE_NS_ASSERTIONS = NO;
				ENABLE_STRICT_OBJC_MSGSEND = YES;
				GCC_C_LANGUAGE_STANDARD = gnu11;
				GCC_NO_COMMON_BLOCKS = YES;
				GCC_WARN_64_TO_32_BIT_CONVERSION = YES;
				GCC_WARN_ABOUT_RETURN_TYPE = YES_ERROR;
				GCC_WARN_UNDECLARED_SELECTOR = YES;
				GCC_WARN_UNINITIALIZED_AUTOS = YES_AGGRESSIVE;
				GCC_WARN_UNUSED_FUNCTION = YES;
				GCC_WARN_UNUSED_VARIABLE = YES;
				IPHONEOS_DEPLOYMENT_TARGET = 9.0;
				MTL_ENABLE_DEBUG_INFO = NO;
				MTL_FAST_MATH = YES;
				SDKROOT = iphoneos;
				VALIDATE_PRODUCT = YES;
			};
			name = Release;
		};
		A7CF8FF025F5E61100D0FC3F /* Debug */ = {
			isa = XCBuildConfiguration;
			baseConfigurationReference = A70613404CA90600DB5455F0 /* Pods-Demo.debug.xcconfig */;
			buildSettings = {
				ASSETCATALOG_COMPILER_APPICON_NAME = AppIcon;
				CODE_SIGN_IDENTITY = "iPhone Developer";
				CODE_SIGN_STYLE = Manual;
				DEVELOPMENT_TEAM = FN2V63AD2J;
				INFOPLIST_FILE = Demo/Info.plist;
				LD_RUNPATH_SEARCH_PATHS = (
					"$(inherited)",
					"@executable_path/Frameworks",
				);
				PRODUCT_BUNDLE_IDENTIFIER = com.tencent.tgp.beacondemo;
				PRODUCT_NAME = "$(TARGET_NAME)";
				PROVISIONING_PROFILE_SPECIFIER = com.tencent.tgp.beacondemo_Development_SignProvision;
				TARGETED_DEVICE_FAMILY = "1,2";
			};
			name = Debug;
		};
		A7CF8FF125F5E61100D0FC3F /* Release */ = {
			isa = XCBuildConfiguration;
			baseConfigurationReference = 45EFFDABCF6A363868AF9E8C /* Pods-Demo.release.xcconfig */;
			buildSettings = {
				ASSETCATALOG_COMPILER_APPICON_NAME = AppIcon;
				CODE_SIGN_IDENTITY = "iPhone Distribution";
				CODE_SIGN_STYLE = Manual;
				DEVELOPMENT_TEAM = HKB8WPFBR9;
				INFOPLIST_FILE = Demo/Info.plist;
				LD_RUNPATH_SEARCH_PATHS = (
					"$(inherited)",
					"@executable_path/Frameworks",
				);
				PRODUCT_BUNDLE_IDENTIFIER = com.tencent.tgp.beacondemo.db;
				PRODUCT_NAME = "$(TARGET_NAME)";
				PROVISIONING_PROFILE_SPECIFIER = "com.tencent.tgp.beacondemo.db InHouse 1632796345";
				TARGETED_DEVICE_FAMILY = "1,2";
			};
			name = Release;
		};
/* End XCBuildConfiguration section */

/* Begin XCConfigurationList section */
		A7CF8FD125F5E61000D0FC3F /* Build configuration list for PBXProject "Demo" */ = {
			isa = XCConfigurationList;
			buildConfigurations = (
				A7CF8FED25F5E61100D0FC3F /* Debug */,
				A7CF8FEE25F5E61100D0FC3F /* Release */,
			);
			defaultConfigurationIsVisible = 0;
			defaultConfigurationName = Release;
		};
		A7CF8FEF25F5E61100D0FC3F /* Build configuration list for PBXNativeTarget "Demo" */ = {
			isa = XCConfigurationList;
			buildConfigurations = (
				A7CF8FF025F5E61100D0FC3F /* Debug */,
				A7CF8FF125F5E61100D0FC3F /* Release */,
			);
			defaultConfigurationIsVisible = 0;
			defaultConfigurationName = Release;
		};
/* End XCConfigurationList section */
	};
	rootObject = A7CF8FCE25F5E61000D0FC3F /* Project object */;
}
